
Microsoft Visual Studio Solution File, Format Version 9.00
# Visual Studio 2005
Project("{8BC9CEB8-8B4A-11D0-8D11-00A0C91BC942}") = "BT", "BT.vcproj", "{7201D7DD-78C8-4F2B-A614-9D03503E425A}"
EndProject
Project("{8BC9CEB8-8B4A-11D0-8D11-00A0C91BC942}") = "radio", "..\radio\radio.vcproj", "{78A1EACC-894B-4978-9EB1-1FC256229623}"
EndProject
Project("{8BC9CEB8-8B4A-11D0-8D11-00A0C91BC942}") = "Ipod", "..\Ipoid\Ipoid.vcproj", "{AC459E22-3368-4991-BA54-0D81130A16FE}"
EndProject
Project("{8BC9CEB8-8B4A-11D0-8D11-00A0C91BC942}") = "test", "..\test\test.vcproj", "{480D32C6-EB54-4956-8B13-4610D7DAD281}"
EndProject
Project("{8BC9CEB8-8B4A-11D0-8D11-00A0C91BC942}") = "memempool", "..\memempool\memempool.vcproj", "{454A1728-4766-45CE-8C90-3D5B31F9CF1F}"
EndProject
Global
	GlobalSection(SolutionConfigurationPlatforms) = preSolution
		Debug|786SDK (ARMV4I) = Debug|786SDK (ARMV4I)
		Debug|Win32 = Debug|Win32
		Release|786SDK (ARMV4I) = Release|786SDK (ARMV4I)
		Release|Win32 = Release|Win32
	EndGlobalSection
	GlobalSection(ProjectConfigurationPlatforms) = postSolution
		{7201D7DD-78C8-4F2B-A614-9D03503E425A}.Debug|786SDK (ARMV4I).ActiveCfg = Debug|786SDK (ARMV4I)
		{7201D7DD-78C8-4F2B-A614-9D03503E425A}.Debug|786SDK (ARMV4I).Build.0 = Debug|786SDK (ARMV4I)
		{7201D7DD-78C8-4F2B-A614-9D03503E425A}.Debug|786SDK (ARMV4I).Deploy.0 = Debug|786SDK (ARMV4I)
		{7201D7DD-78C8-4F2B-A614-9D03503E425A}.Debug|Win32.ActiveCfg = Debug|Win32
		{7201D7DD-78C8-4F2B-A614-9D03503E425A}.Debug|Win32.Build.0 = Debug|Win32
		{7201D7DD-78C8-4F2B-A614-9D03503E425A}.Release|786SDK (ARMV4I).ActiveCfg = Release|786SDK (ARMV4I)
		{7201D7DD-78C8-4F2B-A614-9D03503E425A}.Release|786SDK (ARMV4I).Build.0 = Release|786SDK (ARMV4I)
		{7201D7DD-78C8-4F2B-A614-9D03503E425A}.Release|786SDK (ARMV4I).Deploy.0 = Release|786SDK (ARMV4I)
		{7201D7DD-78C8-4F2B-A614-9D03503E425A}.Release|Win32.ActiveCfg = Release|Win32
		{7201D7DD-78C8-4F2B-A614-9D03503E425A}.Release|Win32.Build.0 = Release|Win32
		{78A1EACC-894B-4978-9EB1-1FC256229623}.Debug|786SDK (ARMV4I).ActiveCfg = Debug|786SDK (ARMV4I)
		{78A1EACC-894B-4978-9EB1-1FC256229623}.Debug|786SDK (ARMV4I).Build.0 = Debug|786SDK (ARMV4I)
		{78A1EACC-894B-4978-9EB1-1FC256229623}.Debug|786SDK (ARMV4I).Deploy.0 = Debug|786SDK (ARMV4I)
		{78A1EACC-894B-4978-9EB1-1FC256229623}.Debug|Win32.ActiveCfg = Debug|Win32
		{78A1EACC-894B-4978-9EB1-1FC256229623}.Debug|Win32.Build.0 = Debug|Win32
		{78A1EACC-894B-4978-9EB1-1FC256229623}.Release|786SDK (ARMV4I).ActiveCfg = Release|786SDK (ARMV4I)
		{78A1EACC-894B-4978-9EB1-1FC256229623}.Release|786SDK (ARMV4I).Build.0 = Release|786SDK (ARMV4I)
		{78A1EACC-894B-4978-9EB1-1FC256229623}.Release|786SDK (ARMV4I).Deploy.0 = Release|786SDK (ARMV4I)
		{78A1EACC-894B-4978-9EB1-1FC256229623}.Release|Win32.ActiveCfg = Release|Win32
		{78A1EACC-894B-4978-9EB1-1FC256229623}.Release|Win32.Build.0 = Release|Win32
		{AC459E22-3368-4991-BA54-0D81130A16FE}.Debug|786SDK (ARMV4I).ActiveCfg = Debug|786SDK (ARMV4I)
		{AC459E22-3368-4991-BA54-0D81130A16FE}.Debug|786SDK (ARMV4I).Build.0 = Debug|786SDK (ARMV4I)
		{AC459E22-3368-4991-BA54-0D81130A16FE}.Debug|786SDK (ARMV4I).Deploy.0 = Debug|786SDK (ARMV4I)
		{AC459E22-3368-4991-BA54-0D81130A16FE}.Debug|Win32.ActiveCfg = Debug|Win32
		{AC459E22-3368-4991-BA54-0D81130A16FE}.Debug|Win32.Build.0 = Debug|Win32
		{AC459E22-3368-4991-BA54-0D81130A16FE}.Release|786SDK (ARMV4I).ActiveCfg = Release|786SDK (ARMV4I)
		{AC459E22-3368-4991-BA54-0D81130A16FE}.Release|786SDK (ARMV4I).Build.0 = Release|786SDK (ARMV4I)
		{AC459E22-3368-4991-BA54-0D81130A16FE}.Release|786SDK (ARMV4I).Deploy.0 = Release|786SDK (ARMV4I)
		{AC459E22-3368-4991-BA54-0D81130A16FE}.Release|Win32.ActiveCfg = Release|Win32
		{AC459E22-3368-4991-BA54-0D81130A16FE}.Release|Win32.Build.0 = Release|Win32
		{480D32C6-EB54-4956-8B13-4610D7DAD281}.Debug|786SDK (ARMV4I).ActiveCfg = Debug|Win32
		{480D32C6-EB54-4956-8B13-4610D7DAD281}.Debug|Win32.ActiveCfg = Debug|Win32
		{480D32C6-EB54-4956-8B13-4610D7DAD281}.Debug|Win32.Build.0 = Debug|Win32
		{480D32C6-EB54-4956-8B13-4610D7DAD281}.Release|786SDK (ARMV4I).ActiveCfg = Release|Win32
		{480D32C6-EB54-4956-8B13-4610D7DAD281}.Release|Win32.ActiveCfg = Release|Win32
		{480D32C6-EB54-4956-8B13-4610D7DAD281}.Release|Win32.Build.0 = Release|Win32
		{454A1728-4766-45CE-8C90-3D5B31F9CF1F}.Debug|786SDK (ARMV4I).ActiveCfg = Debug|Win32
		{454A1728-4766-45CE-8C90-3D5B31F9CF1F}.Debug|Win32.ActiveCfg = Debug|Win32
		{454A1728-4766-45CE-8C90-3D5B31F9CF1F}.Debug|Win32.Build.0 = Debug|Win32
		{454A1728-4766-45CE-8C90-3D5B31F9CF1F}.Release|786SDK (ARMV4I).ActiveCfg = Release|Win32
		{454A1728-4766-45CE-8C90-3D5B31F9CF1F}.Release|Win32.ActiveCfg = Release|Win32
		{454A1728-4766-45CE-8C90-3D5B31F9CF1F}.Release|Win32.Build.0 = Release|Win32
	EndGlobalSection
	GlobalSection(SolutionProperties) = preSolution
		HideSolutionNode = FALSE
	EndGlobalSection
EndGlobal
